
Microsoft Visual Studio Solution File, Format Version 12.00
# Visual Studio Version 17
VisualStudioVersion = 17.14.36915.13 d17.14
MinimumVisualStudioVersion = 10.0.40219.1
Project("{FAE04EC0-301F-11D3-BF4B-00C04F79EFBC}") = "StudyCsharp", "StudyCsharp\StudyCsharp.csproj", "{AD507FB4-B2E4-4FD5-8EFA-3A2D334FC196}"
EndProject
Global
	GlobalSection(SolutionConfigurationPlatforms) = preSolution
		Debug|Any CPU = Debug|Any CPU
		Release|Any CPU = Release|Any CPU
	EndGlobalSection
	GlobalSection(ProjectConfigurationPlatforms) = postSolution
		{AD507FB4-B2E4-4FD5-8EFA-3A2D334FC196}.Debug|Any CPU.ActiveCfg = Debug|Any CPU
		{AD507FB4-B2E4-4FD5-8EFA-3A2D334FC196}.Debug|Any CPU.Build.0 = Debug|Any CPU
		{AD507FB4-B2E4-4FD5-8EFA-3A2D334FC196}.Release|Any CPU.ActiveCfg = Release|Any CPU
		{AD507FB4-B2E4-4FD5-8EFA-3A2D334FC196}.Release|Any CPU.Build.0 = Release|Any CPU
	EndGlobalSection
	GlobalSection(SolutionProperties) = preSolution
		HideSolutionNode = FALSE
	EndGlobalSection
	GlobalSection(ExtensibilityGlobals) = postSolution
		SolutionGuid = {80D7837F-13C4-45DD-8F96-3A38744F53BD}
	EndGlobalSection
EndGlobal
